
Microsoft Visual Studio Solution File, Format Version 12.00
# Visual Studio Version 17
VisualStudioVersion = 17.3.32922.545
MinimumVisualStudioVersion = 10.0.40219.1
Project("{FAE04EC0-301F-11D3-BF4B-00C04F79EFBC}") = "PrometricGeometry", "PrometricGeometry\PrometricGeometry.csproj", "{04412302-4014-46F2-A5D5-223476D9C72A}"
EndProject
Global
	GlobalSection(SolutionConfigurationPlatforms) = preSolution
		Debug|Any CPU = Debug|Any CPU
		Release|Any CPU = Release|Any CPU
	EndGlobalSection
	GlobalSection(ProjectConfigurationPlatforms) = postSolution
		{04412302-4014-46F2-A5D5-223476D9C72A}.Debug|Any CPU.ActiveCfg = Debug|Any CPU
		{04412302-4014-46F2-A5D5-223476D9C72A}.Debug|Any CPU.Build.0 = Debug|Any CPU
		{04412302-4014-46F2-A5D5-223476D9C72A}.Release|Any CPU.ActiveCfg = Release|Any CPU
		{04412302-4014-46F2-A5D5-223476D9C72A}.Release|Any CPU.Build.0 = Release|Any CPU
	EndGlobalSection
	GlobalSection(SolutionProperties) = preSolution
		HideSolutionNode = FALSE
	EndGlobalSection
	GlobalSection(ExtensibilityGlobals) = postSolution
		SolutionGuid = {DC28D516-93AA-41CA-B93B-9B4512C2005A}
	EndGlobalSection
EndGlobal
